{
    "_readme": [
        "This file locks the dependencies of your project to a known state",
        "Read more about it at https://getcomposer.org/doc/01-basic-usage.md#composer-lock-the-lock-file",
        "This file is @generated automatically"
    ],
    "hash": "8aca7ee9270ac9edbbe157c03cd4bb08",
    "content-hash": "0f1d6668731ff6efa20524cfbccf2882",
    "packages": [
        {
            "name": "erusev/parsedown",
            "version": "1.6.1",
            "source": {
                "type": "git",
                "url": "https://github.com/erusev/parsedown.git",
                "reference": "20ff8bbb57205368b4b42d094642a3e52dac85fb"
            },
            "dist": {
                "type": "zip",
                "url": "https://api.github.com/repos/erusev/parsedown/zipball/20ff8bbb57205368b4b42d094642a3e52dac85fb",
                "reference": "20ff8bbb57205368b4b42d094642a3e52dac85fb",
                "shasum": ""
            },
            "require": {
                "php": ">=5.3.0"
            },
            "type": "library",
            "autoload": {
                "psr-0": {
                    "Parsedown": ""
                }
            },
            "notification-url": "https://packagist.org/downloads/",
            "license": [
                "MIT"
            ],
            "authors": [
                {
                    "name": "Emanuil Rusev",
                    "email": "hello@erusev.com",
                    "homepage": "http://erusev.com"
                }
            ],
            "description": "Parser for Markdown.",
            "homepage": "http://parsedown.org",
            "keywords": [
                "markdown",
                "parser"
            ],
            "time": "2016-11-02 15:56:58"
        },
        {
            "name": "erusev/parsedown-extra",
            "version": "0.7.1",
            "source": {
                "type": "git",
                "url": "https://github.com/erusev/parsedown-extra.git",
                "reference": "0db5cce7354e4b76f155d092ab5eb3981c21258c"
            },
            "dist": {
                "type": "zip",
                "url": "https://api.github.com/repos/erusev/parsedown-extra/zipball/0db5cce7354e4b76f155d092ab5eb3981c21258c",
                "reference": "0db5cce7354e4b76f155d092ab5eb3981c21258c",
                "shasum": ""
            },
            "require": {
                "erusev/parsedown": "~1.4"
            },
            "type": "library",
            "autoload": {
                "psr-0": {
                    "ParsedownExtra": ""
                }
            },
            "notification-url": "https://packagist.org/downloads/",
            "license": [
                "MIT"
            ],
            "authors": [
                {
                    "name": "Emanuil Rusev",
                    "email": "hello@erusev.com",
                    "homepage": "http://erusev.com"
                }
            ],
            "description": "An extension of Parsedown that adds support for Markdown Extra.",
            "homepage": "https://github.com/erusev/parsedown-extra",
            "keywords": [
                "markdown",
                "markdown extra",
                "parsedown",
                "parser"
            ],
            "time": "2015-11-01 10:19:22"
        },
        {
            "name": "ezyang/htmlpurifier",
            "version": "v4.8.0",
            "source": {
                "type": "git",
                "url": "https://github.com/ezyang/htmlpurifier.git",
                "reference": "d0c392f77d2f2a3dcf7fcb79e2a1e2b8804e75b2"
            },
            "dist": {
                "type": "zip",
                "url": "https://api.github.com/repos/ezyang/htmlpurifier/zipball/d0c392f77d2f2a3dcf7fcb79e2a1e2b8804e75b2",
                "reference": "d0c392f77d2f2a3dcf7fcb79e2a1e2b8804e75b2",
                "shasum": ""
            },
            "require": {
                "php": ">=5.2"
            },
            "type": "library",
            "autoload": {
                "psr-0": {
                    "HTMLPurifier": "library/"
                },
                "files": [
                    "library/HTMLPurifier.composer.php"
                ]
            },
            "notification-url": "https://packagist.org/downloads/",
            "license": [
                "LGPL"
            ],
            "authors": [
                {
                    "name": "Edward Z. Yang",
                    "email": "admin@htmlpurifier.org",
                    "homepage": "http://ezyang.com"
                }
            ],
            "description": "Standards compliant HTML filter written in PHP",
            "homepage": "http://htmlpurifier.org/",
            "keywords": [
                "html"
            ],
            "time": "2016-07-16 12:58:58"
        },
        {
            "name": "facebook/php-sdk-v4",
            "version": "5.4.2",
            "source": {
                "type": "git",
                "url": "https://github.com/facebook/php-graph-sdk.git",
                "reference": "2839246e971aef150650196acbb46d47e5207370"
            },
            "dist": {
                "type": "zip",
                "url": "https://api.github.com/repos/facebook/php-graph-sdk/zipball/2839246e971aef150650196acbb46d47e5207370",
                "reference": "2839246e971aef150650196acbb46d47e5207370",
                "shasum": ""
            },
            "require": {
                "php": "^5.4|^7.0"
            },
            "require-dev": {
                "guzzlehttp/guzzle": "~5.0",
                "mockery/mockery": "~0.8",
                "phpunit/phpunit": "~4.0"
            },
            "suggest": {
                "guzzlehttp/guzzle": "Allows for implementation of the Guzzle HTTP client",
                "paragonie/random_compat": "Provides a better CSPRNG option in PHP 5"
            },
            "type": "library",
            "extra": {
                "branch-alias": {
                    "dev-master": "5.x-dev"
                }
            },
            "autoload": {
                "psr-4": {
                    "Facebook\\": "src/Facebook/"
                },
                "files": [
                    "src/Facebook/polyfills.php"
                ]
            },
            "notification-url": "https://packagist.org/downloads/",
            "license": [
                "Facebook Platform"
            ],
            "authors": [
                {
                    "name": "Facebook",
                    "homepage": "https://github.com/facebook/php-graph-sdk/contributors"
                }
            ],
            "description": "Facebook SDK for PHP",
            "homepage": "https://github.com/facebook/php-graph-sdk",
            "keywords": [
                "facebook",
                "sdk"
            ],
            "abandoned": "facebook/graph-sdk",
            "time": "2016-11-15 14:34:16"
        },
        {
            "name": "fg/multiplayer",
            "version": "1.2.1",
            "source": {
                "type": "git",
                "url": "https://github.com/felixgirault/multiplayer.git",
                "reference": "98e7c0e99f5a37b6435b49c67802510c6e915ec8"
            },
            "dist": {
                "type": "zip",
                "url": "https://api.github.com/repos/felixgirault/multiplayer/zipball/98e7c0e99f5a37b6435b49c67802510c6e915ec8",
                "reference": "98e7c0e99f5a37b6435b49c67802510c6e915ec8",
                "shasum": ""
            },
            "require": {
                "php": ">=5.4.0"
            },
            "type": "library",
            "autoload": {
                "psr-0": {
                    "Multiplayer": "lib/"
                }
            },
            "notification-url": "https://packagist.org/downloads/",
            "authors": [
                {
                    "name": "Félix Girault",
                    "email": "felix.girault@gmail.com",
                    "homepage": "http://www.felix-girault.fr",
                    "role": "Developer"
                }
            ],
            "description": "Builds customizable video embed codes from any URL.",
            "homepage": "http://github.com/felixgirault/multiplayer",
            "keywords": [
                "embed",
                "html",
                "media",
                "player",
                "video"
            ],
            "time": "2016-10-30 19:16:38"
        },
        {
            "name": "guzzlehttp/guzzle",
            "version": "6.2.2",
            "source": {
                "type": "git",
                "url": "https://github.com/guzzle/guzzle.git",
                "reference": "ebf29dee597f02f09f4d5bbecc68230ea9b08f60"
            },
            "dist": {
                "type": "zip",
                "url": "https://api.github.com/repos/guzzle/guzzle/zipball/ebf29dee597f02f09f4d5bbecc68230ea9b08f60",
                "reference": "ebf29dee597f02f09f4d5bbecc68230ea9b08f60",
                "shasum": ""
            },
            "require": {
                "guzzlehttp/promises": "^1.0",
                "guzzlehttp/psr7": "^1.3.1",
                "php": ">=5.5"
            },
            "require-dev": {
                "ext-curl": "*",
                "phpunit/phpunit": "^4.0",
                "psr/log": "^1.0"
            },
            "type": "library",
            "extra": {
                "branch-alias": {
                    "dev-master": "6.2-dev"
                }
            },
            "autoload": {
                "files": [
                    "src/functions_include.php"
                ],
                "psr-4": {
                    "GuzzleHttp\\": "src/"
                }
            },
            "notification-url": "https://packagist.org/downloads/",
            "license": [
                "MIT"
            ],
            "authors": [
                {
                    "name": "Michael Dowling",
                    "email": "mtdowling@gmail.com",
                    "homepage": "https://github.com/mtdowling"
                }
            ],
            "description": "Guzzle is a PHP HTTP client library",
            "homepage": "http://guzzlephp.org/",
            "keywords": [
                "client",
                "curl",
                "framework",
                "http",
                "http client",
                "rest",
                "web service"
            ],
            "time": "2016-10-08 15:01:37"
        },
        {
            "name": "guzzlehttp/promises",
            "version": "1.3.0",
            "source": {
                "type": "git",
                "url": "https://github.com/guzzle/promises.git",
                "reference": "2693c101803ca78b27972d84081d027fca790a1e"
            },
            "dist": {
                "type": "zip",
                "url": "https://api.github.com/repos/guzzle/promises/zipball/2693c101803ca78b27972d84081d027fca790a1e",
                "reference": "2693c101803ca78b27972d84081d027fca790a1e",
                "shasum": ""
            },
            "require": {
                "php": ">=5.5.0"
            },
            "require-dev": {
                "phpunit/phpunit": "~4.0"
            },
            "type": "library",
            "extra": {
                "branch-alias": {
                    "dev-master": "1.0-dev"
                }
            },
            "autoload": {
                "psr-4": {
                    "GuzzleHttp\\Promise\\": "src/"
                },
                "files": [
                    "src/functions_include.php"
                ]
            },
            "notification-url": "https://packagist.org/downloads/",
            "license": [
                "MIT"
            ],
            "authors": [
                {
                    "name": "Michael Dowling",
                    "email": "mtdowling@gmail.com",
                    "homepage": "https://github.com/mtdowling"
                }
            ],
            "description": "Guzzle promises library",
            "keywords": [
                "promise"
            ],
            "time": "2016-11-18 17:47:58"
        },
        {
            "name": "guzzlehttp/psr7",
            "version": "1.3.1",
            "source": {
                "type": "git",
                "url": "https://github.com/guzzle/psr7.git",
                "reference": "5c6447c9df362e8f8093bda8f5d8873fe5c7f65b"
            },
            "dist": {
                "type": "zip",
                "url": "https://api.github.com/repos/guzzle/psr7/zipball/5c6447c9df362e8f8093bda8f5d8873fe5c7f65b",
                "reference": "5c6447c9df362e8f8093bda8f5d8873fe5c7f65b",
                "shasum": ""
            },
            "require": {
                "php": ">=5.4.0",
                "psr/http-message": "~1.0"
            },
            "provide": {
                "psr/http-message-implementation": "1.0"
            },
            "require-dev": {
                "phpunit/phpunit": "~4.0"
            },
            "type": "library",
            "extra": {
                "branch-alias": {
                    "dev-master": "1.4-dev"
                }
            },
            "autoload": {
                "psr-4": {
                    "GuzzleHttp\\Psr7\\": "src/"
                },
                "files": [
                    "src/functions_include.php"
                ]
            },
            "notification-url": "https://packagist.org/downloads/",
            "license": [
                "MIT"
            ],
            "authors": [
                {
                    "name": "Michael Dowling",
                    "email": "mtdowling@gmail.com",
                    "homepage": "https://github.com/mtdowling"
                }
            ],
            "description": "PSR-7 message implementation",
            "keywords": [
                "http",
                "message",
                "stream",
                "uri"
            ],
            "time": "2016-06-24 23:00:38"
        },
        {
            "name": "leafo/scssphp",
            "version": "v0.6.6",
            "source": {
                "type": "git",
                "url": "https://github.com/leafo/scssphp.git",
                "reference": "6fdfe19d2b13a3f12ba0792227f0718809ce4e4d"
            },
            "dist": {
                "type": "zip",
                "url": "https://api.github.com/repos/leafo/scssphp/zipball/6fdfe19d2b13a3f12ba0792227f0718809ce4e4d",
                "reference": "6fdfe19d2b13a3f12ba0792227f0718809ce4e4d",
                "shasum": ""
            },
            "require": {
                "php": ">=5.4.0"
            },
            "require-dev": {
                "kherge/box": "~2.5",
                "phpunit/phpunit": "~3.7",
                "squizlabs/php_codesniffer": "~2.5"
            },
            "bin": [
                "bin/pscss"
            ],
            "type": "library",
            "autoload": {
                "psr-4": {
                    "Leafo\\ScssPhp\\": "src/"
                }
            },
            "notification-url": "https://packagist.org/downloads/",
            "license": [
                "MIT"
            ],
            "authors": [
                {
                    "name": "Leaf Corcoran",
                    "email": "leafot@gmail.com",
                    "homepage": "http://leafo.net"
                }
            ],
            "description": "scssphp is a compiler for SCSS written in PHP.",
            "homepage": "http://leafo.github.io/scssphp/",
            "keywords": [
                "css",
                "less",
                "sass",
                "scss",
                "stylesheet"
            ],
            "time": "2016-09-11 01:34:11"
        },
        {
            "name": "mustache/mustache",
            "version": "v2.11.1",
            "source": {
                "type": "git",
                "url": "https://github.com/bobthecow/mustache.php.git",
                "reference": "a3f6d55996dd28b58f3a909d474189a3c1aa693f"
            },
            "dist": {
                "type": "zip",
                "url": "https://api.github.com/repos/bobthecow/mustache.php/zipball/a3f6d55996dd28b58f3a909d474189a3c1aa693f",
                "reference": "a3f6d55996dd28b58f3a909d474189a3c1aa693f",
                "shasum": ""
            },
            "require": {
                "php": ">=5.2.4"
            },
            "require-dev": {
                "friendsofphp/php-cs-fixer": "~1.11",
                "phpunit/phpunit": "~3.7|~4.0|~5.0"
            },
            "type": "library",
            "autoload": {
                "psr-0": {
                    "Mustache": "src/"
                }
            },
            "notification-url": "https://packagist.org/downloads/",
            "license": [
                "MIT"
            ],
            "authors": [
                {
                    "name": "Justin Hileman",
                    "email": "justin@justinhileman.info",
                    "homepage": "http://justinhileman.com"
                }
            ],
            "description": "A Mustache implementation in PHP.",
            "homepage": "https://github.com/bobthecow/mustache.php",
            "keywords": [
                "mustache",
                "templating"
            ],
            "time": "2016-07-31 06:18:27"
        },
        {
            "name": "netcarver/textile",
            "version": "v3.6.0",
            "source": {
                "type": "git",
                "url": "https://github.com/textile/php-textile.git",
                "reference": "bac6381fcab28cf6b6ae3d0e61b6a8c8d6adca13"
            },
            "dist": {
                "type": "zip",
                "url": "https://api.github.com/repos/textile/php-textile/zipball/bac6381fcab28cf6b6ae3d0e61b6a8c8d6adca13",
                "reference": "bac6381fcab28cf6b6ae3d0e61b6a8c8d6adca13",
                "shasum": ""
            },
            "require": {
                "php": ">=5.3.0"
            },
            "require-dev": {
                "phpunit/phpunit": "3.7.*",
                "satooshi/php-coveralls": "0.6.*",
                "squizlabs/php_codesniffer": "1.5.*",
                "symfony/yaml": "2.4.*"
            },
            "type": "library",
            "extra": {
                "branch-alias": {
                    "dev-master": "3.6-dev"
                }
            },
            "autoload": {
                "psr-0": {
                    "Netcarver\\Textile": "src/"
                }
            },
            "notification-url": "https://packagist.org/downloads/",
            "license": [
                "BSD-3-Clause"
            ],
            "description": "Textile markup language parser",
            "homepage": "https://github.com/textile/php-textile",
            "keywords": [
                "document",
                "format",
                "html",
                "language",
                "markup",
                "parser",
                "php-textile",
                "plaintext",
                "textile"
            ],
            "time": "2016-11-17 14:18:12"
        },
        {
            "name": "paragonie/random_compat",
            "version": "v2.0.4",
            "source": {
                "type": "git",
                "url": "https://github.com/paragonie/random_compat.git",
                "reference": "a9b97968bcde1c4de2a5ec6cbd06a0f6c919b46e"
            },
            "dist": {
                "type": "zip",
                "url": "https://api.github.com/repos/paragonie/random_compat/zipball/a9b97968bcde1c4de2a5ec6cbd06a0f6c919b46e",
                "reference": "a9b97968bcde1c4de2a5ec6cbd06a0f6c919b46e",
                "shasum": ""
            },
            "require": {
                "php": ">=5.2.0"
            },
            "require-dev": {
                "phpunit/phpunit": "4.*|5.*"
            },
            "suggest": {
                "ext-libsodium": "Provides a modern crypto API that can be used to generate random bytes."
            },
            "type": "library",
            "autoload": {
                "files": [
                    "lib/random.php"
                ]
            },
            "notification-url": "https://packagist.org/downloads/",
            "license": [
                "MIT"
            ],
            "authors": [
                {
                    "name": "Paragon Initiative Enterprises",
                    "email": "security@paragonie.com",
                    "homepage": "https://paragonie.com"
                }
            ],
            "description": "PHP 5.x polyfill for random_bytes() and random_int() from PHP 7",
            "keywords": [
                "csprng",
                "pseudorandom",
                "random"
            ],
            "time": "2016-11-07 23:38:38"
        },
        {
            "name": "pixel418/markdownify",
            "version": "v2.2.1",
            "source": {
                "type": "git",
                "url": "https://github.com/Elephant418/Markdownify.git",
                "reference": "0160677f04c784550dd10fd72fdf3994967db848"
            },
            "dist": {
                "type": "zip",
                "url": "https://api.github.com/repos/Elephant418/Markdownify/zipball/0160677f04c784550dd10fd72fdf3994967db848",
                "reference": "0160677f04c784550dd10fd72fdf3994967db848",
                "shasum": ""
            },
            "require": {
                "php": ">=5.3.0"
            },
            "require-dev": {
                "phpunit/phpunit": "^4.8"
            },
            "type": "lib",
            "autoload": {
                "psr-4": {
                    "Markdownify\\": "src",
                    "Test\\Markdownify\\": "test"
                }
            },
            "notification-url": "https://packagist.org/downloads/",
            "license": [
                "LGPL"
            ],
            "authors": [
                {
                    "name": "Peter Kruithof",
                    "email": "pkruithof@gmail.com",
                    "homepage": "http://pkruithof.tumblr.com/"
                },
                {
                    "name": "Milian Wolff",
                    "email": "mail@milianw.de",
                    "homepage": "http://milianw.de"
                },
                {
                    "name": "Thomas Zilliox",
                    "email": "hello@tzi.fr",
                    "homepage": "http://tzi.fr"
                }
            ],
            "description": "The HTML to Markdown converter for PHP ",
            "homepage": "https://github.com/elephant418/Markdownify",
            "keywords": [
                "markdown",
                "markdownify"
            ],
            "time": "2016-09-21 13:01:43"
        },
        {
            "name": "psr/cache",
            "version": "1.0.1",
            "source": {
                "type": "git",
                "url": "https://github.com/php-fig/cache.git",
                "reference": "d11b50ad223250cf17b86e38383413f5a6764bf8"
            },
            "dist": {
                "type": "zip",
                "url": "https://api.github.com/repos/php-fig/cache/zipball/d11b50ad223250cf17b86e38383413f5a6764bf8",
                "reference": "d11b50ad223250cf17b86e38383413f5a6764bf8",
                "shasum": ""
            },
            "require": {
                "php": ">=5.3.0"
            },
            "type": "library",
            "extra": {
                "branch-alias": {
                    "dev-master": "1.0.x-dev"
                }
            },
            "autoload": {
                "psr-4": {
                    "Psr\\Cache\\": "src/"
                }
            },
            "notification-url": "https://packagist.org/downloads/",
            "license": [
                "MIT"
            ],
            "authors": [
                {
                    "name": "PHP-FIG",
                    "homepage": "http://www.php-fig.org/"
                }
            ],
            "description": "Common interface for caching libraries",
            "keywords": [
                "cache",
                "psr",
                "psr-6"
            ],
            "time": "2016-08-06 20:24:11"
        },
        {
            "name": "psr/http-message",
            "version": "1.0.1",
            "source": {
                "type": "git",
                "url": "https://github.com/php-fig/http-message.git",
                "reference": "f6561bf28d520154e4b0ec72be95418abe6d9363"
            },
            "dist": {
                "type": "zip",
                "url": "https://api.github.com/repos/php-fig/http-message/zipball/f6561bf28d520154e4b0ec72be95418abe6d9363",
                "reference": "f6561bf28d520154e4b0ec72be95418abe6d9363",
                "shasum": ""
            },
            "require": {
                "php": ">=5.3.0"
            },
            "type": "library",
            "extra": {
                "branch-alias": {
                    "dev-master": "1.0.x-dev"
                }
            },
            "autoload": {
                "psr-4": {
                    "Psr\\Http\\Message\\": "src/"
                }
            },
            "notification-url": "https://packagist.org/downloads/",
            "license": [
                "MIT"
            ],
            "authors": [
                {
                    "name": "PHP-FIG",
                    "homepage": "http://www.php-fig.org/"
                }
            ],
            "description": "Common interface for HTTP messages",
            "homepage": "https://github.com/php-fig/http-message",
            "keywords": [
                "http",
                "http-message",
                "psr",
                "psr-7",
                "request",
                "response"
            ],
            "time": "2016-08-06 14:39:51"
        },
        {
            "name": "rmccue/requests",
            "version": "v1.7.0",
            "source": {
                "type": "git",
                "url": "https://github.com/rmccue/Requests.git",
                "reference": "87932f52ffad70504d93f04f15690cf16a089546"
            },
            "dist": {
                "type": "zip",
                "url": "https://api.github.com/repos/rmccue/Requests/zipball/87932f52ffad70504d93f04f15690cf16a089546",
                "reference": "87932f52ffad70504d93f04f15690cf16a089546",
                "shasum": ""
            },
            "require": {
                "php": ">=5.2"
            },
            "require-dev": {
                "requests/test-server": "dev-master"
            },
            "type": "library",
            "autoload": {
                "psr-0": {
                    "Requests": "library/"
                }
            },
            "notification-url": "https://packagist.org/downloads/",
            "license": [
                "ISC"
            ],
            "authors": [
                {
                    "name": "Ryan McCue",
                    "homepage": "http://ryanmccue.info"
                }
            ],
            "description": "A HTTP library written in PHP, for human beings.",
            "homepage": "http://github.com/rmccue/Requests",
            "keywords": [
                "curl",
                "fsockopen",
                "http",
                "idna",
                "ipv6",
                "iri",
                "sockets"
            ],
            "time": "2016-10-13 00:11:37"
        },
        {
            "name": "roave/security-advisories",
            "version": "dev-master",
            "source": {
                "type": "git",
                "url": "https://github.com/Roave/SecurityAdvisories.git",
                "reference": "e51e8d385220844905c299d249736c0d9fe1f42c"
            },
            "dist": {
                "type": "zip",
                "url": "https://api.github.com/repos/Roave/SecurityAdvisories/zipball/e51e8d385220844905c299d249736c0d9fe1f42c",
                "reference": "e51e8d385220844905c299d249736c0d9fe1f42c",
                "shasum": ""
            },
            "conflict": {
                "adodb/adodb-php": "<5.20.6",
                "amphp/artax": ">=2,<2.0.4|>0.7.1,<1.0.4",
                "aws/aws-sdk-php": ">=3,<3.2.1",
                "bugsnag/bugsnag-laravel": ">=2,<2.0.2",
                "cakephp/cakephp": ">=3,<3.0.15|>=2,<2.4.99|>=2.5,<2.5.99|>=2.6,<2.6.12|>=1.3,<1.3.18|>=2.7,<2.7.6|>=3.1,<3.1.4",
                "cartalyst/sentry": "<2.1",
                "codeigniter/framework": "<=3.0.6",
                "composer/composer": "<=1.0.0-alpha11",
                "contao-components/mediaelement": ">=2.14.2,<2.21.1",
                "contao/core": ">=2.11,<3.5.15",
                "doctrine/annotations": ">=1,<1.2.7",
                "doctrine/cache": ">=1,<1.3.2|>=1.4,<1.4.2",
                "doctrine/common": ">=2,<2.4.3|>=2.5,<2.5.1",
                "doctrine/dbal": ">=2,<2.0.8|>=2.1,<2.1.2",
                "doctrine/doctrine-bundle": "<1.5.2",
                "doctrine/doctrine-module": "<=0.7.1",
                "doctrine/mongodb-odm": ">=1,<1.0.2",
                "doctrine/mongodb-odm-bundle": ">=2,<3.0.1",
                "doctrine/orm": ">=2,<2.4.8|>=2.5,<2.5.1",
                "dompdf/dompdf": ">=0.6,<0.6.2",
                "drupal/core": ">=8,<8.2.3",
                "drupal/drupal": ">=8,<8.2.3",
                "firebase/php-jwt": "<2",
                "friendsofsymfony/rest-bundle": ">=1.2,<1.2.2",
                "friendsofsymfony/user-bundle": ">=1.2,<1.3.5",
                "gregwar/rst": "<1.0.3",
                "guzzlehttp/guzzle": ">=6,<6.2.1|>=4.0.0-rc2,<4.2.4|>=5,<5.3.1",
                "illuminate/auth": ">=4,<4.0.99|>=4.1,<4.1.26",
                "illuminate/database": ">=4,<4.0.99|>=4.1,<4.1.29",
                "joomla/session": "<1.3.1",
                "laravel/framework": ">=4,<4.0.99|>=4.1,<4.1.29",
                "laravel/socialite": ">=1,<1.0.99|>=2,<2.0.10",
                "magento/magento2ce": ">=2,<2.2",
                "monolog/monolog": ">=1.8,<1.12",
                "namshi/jose": "<2.2",
                "oro/crm": ">=1.7,<1.7.4",
                "oro/platform": ">=1.7,<1.7.4",
                "phpmailer/phpmailer": ">=5,<5.2.14",
                "pusher/pusher-php-server": "<2.2.1",
                "sabre/dav": ">=1.6,<1.6.99|>=1.7,<1.7.11|>=1.8,<1.8.9",
                "shopware/shopware": "<4.3.7|>=5,<5.1.5",
                "silverstripe/cms": ">=3.1,<3.1.11|>=3,<=3.0.11",
                "silverstripe/forum": "<=0.6.1|>=0.7,<=0.7.3",
                "silverstripe/framework": ">=3,<3.3",
                "silverstripe/userforms": "<3",
                "simplesamlphp/simplesamlphp": "<1.14.4",
                "socalnick/scn-social-auth": "<1.15.2",
                "swiftmailer/swiftmailer": ">=4,<4.99.99|>=5,<5.2.1",
                "symfony/dependency-injection": ">=2,<2.0.17",
                "symfony/form": ">=2.3,<2.3.35|>=2.4,<2.6.12|>=2.7,<2.7.7",
                "symfony/framework-bundle": ">=2,<2.3.18|>=2.4,<2.4.8|>=2.5,<2.5.2",
                "symfony/http-foundation": ">=2,<2.3.27|>=2.4,<2.5.11|>=2.6,<2.6.6",
                "symfony/http-kernel": ">=2,<2.3.29|>=2.4,<2.5.12|>=2.6,<2.6.8",
                "symfony/routing": ">=2,<2.0.19",
                "symfony/security": ">=2.3,<2.3.37|>=2.4,<2.6.13|>=2.7,<2.7.9|>=2,<2.0.25|>=2.1,<2.1.13|>=2.2,<2.2.9",
                "symfony/security-core": ">=2.8,<2.8.6|>=3,<3.0.6|>=2.4,<2.6.13|>=2.7,<2.7.9",
                "symfony/security-http": ">=2.4,<2.7.13|>=2.3,<2.3.41|>=2.8,<2.8.6|>=3,<3.0.6",
                "symfony/serializer": ">=2,<2.0.11",
                "symfony/symfony": ">=2,<2.3.41|>=2.4,<2.7.13|>=2.8,<2.8.6|>=3,<3.0.6",
                "symfony/translation": ">=2,<2.0.17",
                "symfony/validator": ">=2,<2.0.24|>=2.1,<2.1.12|>=2.2,<2.2.5|>=2.3,<2.3.3",
                "symfony/web-profiler-bundle": ">=2,<2.3.19|>=2.4,<2.4.9|>=2.5,<2.5.4",
                "symfony/yaml": ">=2,<2.0.22|>=2.1,<2.1.7",
                "thelia/backoffice-default-template": ">=2.1,<2.1.2",
                "thelia/thelia": ">=2.1.0-beta1,<2.1.3|>=2.1,<2.1.2",
                "twig/twig": "<1.20",
                "typo3/cms": ">=6.2,<6.2.27|>=8,<8.3.1|>=7,<7.6.11",
                "typo3/flow": ">=2.3,<2.3.16|>=3,<3.0.10|>=3.1,<3.1.7|>=3.2,<3.2.7|>=3.3,<3.3.5|>=1,<1.0.4|>=1.1,<1.1.1|>=2,<2.0.1",
                "typo3/neos": ">=1.1,<1.1.3|>=1.2,<1.2.13|>=2,<2.0.4",
                "willdurand/js-translation-bundle": "<2.1.1",
                "yiisoft/yii": ">=1.1.14,<1.1.15",
                "yiisoft/yii2": "<2.0.5",
                "yiisoft/yii2-bootstrap": "<2.0.4",
                "yiisoft/yii2-dev": "<2.0.4",
                "yiisoft/yii2-gii": "<2.0.4",
                "yiisoft/yii2-jui": "<2.0.4",
                "zendframework/zend-cache": ">=2.4,<2.4.8|>=2.5,<2.5.3",
                "zendframework/zend-captcha": ">=2,<2.4.9|>=2.5,<2.5.2",
                "zendframework/zend-crypt": ">=2,<2.4.9|>=2.5,<2.5.2",
                "zendframework/zend-db": ">=2,<2.0.99|>=2.1,<2.1.99|>=2.2,<2.2.10|>=2.3,<2.3.5",
                "zendframework/zend-diactoros": ">=1,<1.0.4",
                "zendframework/zend-form": ">=2,<2.2.7|>=2.3,<2.3.1",
                "zendframework/zend-http": ">=2,<2.0.99|>=2.1,<2.1.99|>=2.3,<2.3.8|>=2.4,<2.4.1",
                "zendframework/zend-json": ">=2.1,<2.1.6|>=2.2,<2.2.6",
                "zendframework/zend-ldap": ">=2,<2.0.99|>=2.1,<2.1.99|>=2.2,<2.2.8|>=2.3,<2.3.3",
                "zendframework/zend-mail": ">=2,<2.0.99|>=2.1,<2.1.99|>=2.3,<2.3.8|>=2.4,<2.4.1",
                "zendframework/zend-navigation": ">=2,<2.2.7|>=2.3,<2.3.1",
                "zendframework/zend-session": ">=2,<2.0.99|>=2.1,<2.1.99|>=2.2,<2.2.9|>=2.3,<2.3.4",
                "zendframework/zend-validator": ">=2.3,<2.3.6",
                "zendframework/zend-view": ">=2,<2.2.7|>=2.3,<2.3.1",
                "zendframework/zend-xmlrpc": ">=2.1,<2.1.6|>=2.2,<2.2.6",
                "zendframework/zendframework": ">=2,<2.4.9|>=2.5,<2.5.1",
                "zendframework/zendframework1": "<1.12.20",
                "zendframework/zendopenid": ">=2,<2.0.2",
                "zendframework/zendxml": ">=1,<1.0.1",
                "zf-commons/zfc-user": "<1.2.2",
                "zfcampus/zf-apigility-doctrine": ">=1,<1.0.3",
                "zfr/zfr-oauth2-server-module": "<0.1.2"
            },
            "type": "metapackage",
            "notification-url": "https://packagist.org/downloads/",
            "license": [
                "MIT"
            ],
            "authors": [
                {
                    "name": "Marco Pivetta",
                    "email": "ocramius@gmail.com",
                    "role": "maintainer"
                }
            ],
            "description": "Prevents installation of composer packages with known security vulnerabilities: no API, simply require it",
            "time": "2016-11-19 21:14:30"
        },
        {
            "name": "t1st3/php-json-minify",
            "version": "0.6.2",
            "source": {
                "type": "git",
                "url": "https://github.com/t1st3/php-json-minify.git",
                "reference": "f48327a253632128139a1d0a728d6fcb517f6f25"
            },
            "dist": {
                "type": "zip",
                "url": "https://api.github.com/repos/t1st3/php-json-minify/zipball/f48327a253632128139a1d0a728d6fcb517f6f25",
                "reference": "f48327a253632128139a1d0a728d6fcb517f6f25",
                "shasum": ""
            },
            "require": {
                "php": ">=5.6.0"
            },
            "require-dev": {
                "phpdocumentor/phpdocumentor": "2.*",
                "phpunit/phpunit": "5.*",
                "sebastian/phpcpd": "2.*"
            },
            "type": "library",
            "autoload": {
                "psr-4": {
                    "t1st3\\": "src/t1st3/"
                }
            },
            "notification-url": "https://packagist.org/downloads/",
            "license": [
                "MIT"
            ],
            "authors": [
                {
                    "name": "t1st3",
                    "homepage": "https://github.com/t1st3",
                    "role": "Developer"
                }
            ],
            "homepage": "https://github.com/t1st3/php-json-minify",
            "keywords": [
                "php"
            ],
            "time": "2016-08-03 14:17:41"
        },
        {
            "name": "twig/extensions",
            "version": "v1.4.1",
            "source": {
                "type": "git",
                "url": "https://github.com/twigphp/Twig-extensions.git",
                "reference": "f0bb8431c8691f5a39f1017d9a5967a082bf01ff"
            },
            "dist": {
                "type": "zip",
                "url": "https://api.github.com/repos/twigphp/Twig-extensions/zipball/f0bb8431c8691f5a39f1017d9a5967a082bf01ff",
                "reference": "f0bb8431c8691f5a39f1017d9a5967a082bf01ff",
                "shasum": ""
            },
            "require": {
                "twig/twig": "~1.20|~2.0"
            },
            "require-dev": {
                "symfony/translation": "~2.3"
            },
            "suggest": {
                "symfony/translation": "Allow the time_diff output to be translated"
            },
            "type": "library",
            "extra": {
                "branch-alias": {
                    "dev-master": "1.4-dev"
                }
            },
            "autoload": {
                "psr-0": {
                    "Twig_Extensions_": "lib/"
                }
            },
            "notification-url": "https://packagist.org/downloads/",
            "license": [
                "MIT"
            ],
            "authors": [
                {
                    "name": "Fabien Potencier",
                    "email": "fabien@symfony.com"
                }
            ],
            "description": "Common additional features for Twig that do not directly belong in core",
            "homepage": "http://twig.sensiolabs.org/doc/extensions/index.html",
            "keywords": [
                "i18n",
                "text"
            ],
            "time": "2016-10-25 17:34:14"
        },
        {
            "name": "twig/twig",
            "version": "v1.28.1",
            "source": {
                "type": "git",
                "url": "https://github.com/twigphp/Twig.git",
                "reference": "fff80c4a7ae1d47a81dfec10c76cbcb939170b45"
            },
            "dist": {
                "type": "zip",
                "url": "https://api.github.com/repos/twigphp/Twig/zipball/fff80c4a7ae1d47a81dfec10c76cbcb939170b45",
                "reference": "fff80c4a7ae1d47a81dfec10c76cbcb939170b45",
                "shasum": ""
            },
            "require": {
                "php": ">=5.2.7"
            },
            "require-dev": {
                "symfony/debug": "~2.7",
                "symfony/phpunit-bridge": "~2.7"
            },
            "type": "library",
            "extra": {
                "branch-alias": {
                    "dev-master": "1.28-dev"
                }
            },
            "autoload": {
                "psr-0": {
                    "Twig_": "lib/"
                }
            },
            "notification-url": "https://packagist.org/downloads/",
            "license": [
                "BSD-3-Clause"
            ],
            "authors": [
                {
                    "name": "Fabien Potencier",
                    "email": "fabien@symfony.com",
                    "homepage": "http://fabien.potencier.org",
                    "role": "Lead Developer"
                },
                {
                    "name": "Armin Ronacher",
                    "email": "armin.ronacher@active-4.com",
                    "role": "Project Founder"
                },
                {
                    "name": "Twig Team",
                    "homepage": "http://twig.sensiolabs.org/contributors",
                    "role": "Contributors"
                }
            ],
            "description": "Twig, the flexible, fast, and secure template language for PHP",
            "homepage": "http://twig.sensiolabs.org",
            "keywords": [
                "templating"
            ],
            "time": "2016-11-19 05:52:49"
        },
        {
            "name": "whichbrowser/parser",
            "version": "v2.0.24",
            "source": {
                "type": "git",
                "url": "https://github.com/WhichBrowser/Parser.git",
                "reference": "ed6e911bed49a2946b5920469c0071b6fe57776e"
            },
            "dist": {
                "type": "zip",
                "url": "https://api.github.com/repos/WhichBrowser/Parser/zipball/ed6e911bed49a2946b5920469c0071b6fe57776e",
                "reference": "ed6e911bed49a2946b5920469c0071b6fe57776e",
                "shasum": ""
            },
            "require": {
                "php": ">=5.4.0",
                "psr/cache": "^1.0"
            },
            "require-dev": {
                "cache/array-adapter": "^0.4",
                "icomefromthenet/reverse-regex": "dev-master",
                "league/csv": "^8.0",
                "phpdocumentor/reflection-docblock": "^2.0",
                "phpunit/php-code-coverage": "^2.2|^3.0",
                "phpunit/phpunit": "^4.0",
                "satooshi/php-coveralls": "^0.6",
                "squizlabs/php_codesniffer": "2.5.*",
                "symfony/yaml": "^2.7"
            },
            "type": "library",
            "autoload": {
                "psr-4": {
                    "WhichBrowser\\": [
                        "src/",
                        "tests/src/"
                    ]
                }
            },
            "notification-url": "https://packagist.org/downloads/",
            "license": [
                "MIT"
            ],
            "authors": [
                {
                    "name": "Niels Leenheer",
                    "email": "niels@leenheer.nl",
                    "role": "Developer"
                }
            ],
            "description": "Useragent sniffing library for PHP",
            "homepage": "http://whichbrowser.net",
            "keywords": [
                "browser",
                "sniffing",
                "ua",
                "useragent"
            ],
            "time": "2016-09-08 14:07:33"
        }
    ],
    "packages-dev": [],
    "aliases": [],
    "minimum-stability": "stable",
    "stability-flags": {
        "roave/security-advisories": 20
    },
    "prefer-stable": false,
    "prefer-lowest": false,
    "platform": [],
    "platform-dev": []
}
